Microsoft Visual Studio Solution File, Format Version 12.00
# Visual Studio 15
VisualStudioVersion = 15.0.26403.0
MinimumVisualStudioVersion = 10.0.40219.1
Project("{FAE04EC0-301F-11D3-BF4B-00C04F79EFBC}") = "System.EventSourcing", "src\System.EventSourcing\System.EventSourcing.csproj", "{262BBE43-4ABF-468B-BAF3-5CC9E72402CC}"
EndProject
Project("{FAE04EC0-301F-11D3-BF4B-00C04F79EFBC}") = "System.EventSourcing.AspNetCore.Kafka", "src\System.EventSourcing.AspNetCore.Kafka\System.EventSourcing.AspNetCore.Kafka.csproj", "{AA6CDEAB-818D-405C-BAD1-E830DA704100}"
EndProject
Project("{2150E333-8FDC-42A3-9474-1A3956D46DE8}") = "src", "src", "{B036EAE1-3E29-4896-8710-9236469F9E03}"
EndProject
Project("{2150E333-8FDC-42A3-9474-1A3956D46DE8}") = "samples", "samples", "{9B628BFB-1AB2-449E-8337-7D5FBFC5BE4B}"
EndProject
Project("{FAE04EC0-301F-11D3-BF4B-00C04F79EFBC}") = "SimpleEventHost", "samples\SimpleEventHost\SimpleEventHost.csproj", "{E3433C5A-1AD6-4FA7-B2B1-C60D423B80F4}"
EndProject
Project("{9A19103F-16F7-4668-BE54-9A1E7A4F7556}") = "System.EventSourcing.Client", "src\System.EventSourcing.Client\System.EventSourcing.Client.csproj", "{68D749C6-16E4-4975-9758-F27331ADF013}"
EndProject
Project("{9A19103F-16F7-4668-BE54-9A1E7A4F7556}") = "System.EventSourcing.Client.Kafka", "src\System.EventSourcing.Client.Kafka\System.EventSourcing.Client.Kafka.csproj", "{3F8FD6B2-F070-44A8-A99F-B8A24B40C18C}"
EndProject
Project("{9A19103F-16F7-4668-BE54-9A1E7A4F7556}") = "System.EventSourcing.Kafka", "src\System.EventSourcing.Kafka\System.EventSourcing.Kafka.csproj", "{69C57A4A-5FE3-4F79-85C8-DF95AEF6F7FE}"
EndProject
Project("{2150E333-8FDC-42A3-9474-1A3956D46DE8}") = "build", "build", "{8AA08824-FE05-4E5C-833B-9BE7359F2BB1}"
	ProjectSection(SolutionItems) = preProject
		build\common.props = build\common.props
		build\dependencies.props = build\dependencies.props
		build\sourcelink.props = build\sourcelink.props
	EndProjectSection
EndProject
Project("{2150E333-8FDC-42A3-9474-1A3956D46DE8}") = "Solution Items", "Solution Items", "{76DD9469-FC95-4C66-A607-162C323DE7D3}"
	ProjectSection(SolutionItems) = preProject
		version.props = version.props
	EndProjectSection
EndProject
Project("{FAE04EC0-301F-11D3-BF4B-00C04F79EFBC}") = "System.EventSourcing.AspNetCore.Hosting", "src\System.EventSourcing.AspNetCore.Hosting\System.EventSourcing.AspNetCore.Hosting.csproj", "{BEB24C45-6348-4264-899B-943076E8769C}"
EndProject
Project("{FAE04EC0-301F-11D3-BF4B-00C04F79EFBC}") = "System.EventSourcing.AspNetCore.Hosting.Authorization", "src\System.EventSourcing.AspNetCore.Hosting.Authorization\System.EventSourcing.AspNetCore.Hosting.Authorization.csproj", "{D79C679E-BEDB-4788-BAAE-B8C79B567ADA}"
EndProject
Project("{FAE04EC0-301F-11D3-BF4B-00C04F79EFBC}") = "System.EventSourcing.Client.Authorization", "src\System.EventSourcing.Client.Authorization\System.EventSourcing.Client.Authorization.csproj", "{B7F25EB8-702B-4212-B6C3-514B5149C09F}"
EndProject
Project("{FAE04EC0-301F-11D3-BF4B-00C04F79EFBC}") = "System.EventSourcing.Authorization", "src\System.EventSourcing.Authorization\System.EventSourcing.Authorization.csproj", "{F8DD3F62-D0A2-4A5B-8149-08D683EA50C8}"
EndProject
Global
	GlobalSection(SolutionConfigurationPlatforms) = preSolution
		Debug|Any CPU = Debug|Any CPU
		Debug|x64 = Debug|x64
		Debug|x86 = Debug|x86
		Release|Any CPU = Release|Any CPU
		Release|x64 = Release|x64
		Release|x86 = Release|x86
	EndGlobalSection
	GlobalSection(ProjectConfigurationPlatforms) = postSolution
		{262BBE43-4ABF-468B-BAF3-5CC9E72402CC}.Debug|Any CPU.ActiveCfg = Debug|Any CPU
		{262BBE43-4ABF-468B-BAF3-5CC9E72402CC}.Debug|Any CPU.Build.0 = Debug|Any CPU
		{262BBE43-4ABF-468B-BAF3-5CC9E72402CC}.Debug|x64.ActiveCfg = Debug|Any CPU
		{262BBE43-4ABF-468B-BAF3-5CC9E72402CC}.Debug|x64.Build.0 = Debug|Any CPU
		{262BBE43-4ABF-468B-BAF3-5CC9E72402CC}.Debug|x86.ActiveCfg = Debug|Any CPU
		{262BBE43-4ABF-468B-BAF3-5CC9E72402CC}.Debug|x86.Build.0 = Debug|Any CPU
		{262BBE43-4ABF-468B-BAF3-5CC9E72402CC}.Release|Any CPU.ActiveCfg = Release|Any CPU
		{262BBE43-4ABF-468B-BAF3-5CC9E72402CC}.Release|Any CPU.Build.0 = Release|Any CPU
		{262BBE43-4ABF-468B-BAF3-5CC9E72402CC}.Release|x64.ActiveCfg = Release|Any CPU
		{262BBE43-4ABF-468B-BAF3-5CC9E72402CC}.Release|x64.Build.0 = Release|Any CPU
		{262BBE43-4ABF-468B-BAF3-5CC9E72402CC}.Release|x86.ActiveCfg = Release|Any CPU
		{262BBE43-4ABF-468B-BAF3-5CC9E72402CC}.Release|x86.Build.0 = Release|Any CPU
		{AA6CDEAB-818D-405C-BAD1-E830DA704100}.Debug|Any CPU.ActiveCfg = Debug|Any CPU
		{AA6CDEAB-818D-405C-BAD1-E830DA704100}.Debug|Any CPU.Build.0 = Debug|Any CPU
		{AA6CDEAB-818D-405C-BAD1-E830DA704100}.Debug|x64.ActiveCfg = Debug|Any CPU
		{AA6CDEAB-818D-405C-BAD1-E830DA704100}.Debug|x64.Build.0 = Debug|Any CPU
		{AA6CDEAB-818D-405C-BAD1-E830DA704100}.Debug|x86.ActiveCfg = Debug|Any CPU
		{AA6CDEAB-818D-405C-BAD1-E830DA704100}.Debug|x86.Build.0 = Debug|Any CPU
		{AA6CDEAB-818D-405C-BAD1-E830DA704100}.Release|Any CPU.ActiveCfg = Release|Any CPU
		{AA6CDEAB-818D-405C-BAD1-E830DA704100}.Release|Any CPU.Build.0 = Release|Any CPU
		{AA6CDEAB-818D-405C-BAD1-E830DA704100}.Release|x64.ActiveCfg = Release|Any CPU
		{AA6CDEAB-818D-405C-BAD1-E830DA704100}.Release|x64.Build.0 = Release|Any CPU
		{AA6CDEAB-818D-405C-BAD1-E830DA704100}.Release|x86.ActiveCfg = Release|Any CPU
		{AA6CDEAB-818D-405C-BAD1-E830DA704100}.Release|x86.Build.0 = Release|Any CPU
		{E3433C5A-1AD6-4FA7-B2B1-C60D423B80F4}.Debug|Any CPU.ActiveCfg = Debug|Any CPU
		{E3433C5A-1AD6-4FA7-B2B1-C60D423B80F4}.Debug|Any CPU.Build.0 = Debug|Any CPU
		{E3433C5A-1AD6-4FA7-B2B1-C60D423B80F4}.Debug|x64.ActiveCfg = Debug|Any CPU
		{E3433C5A-1AD6-4FA7-B2B1-C60D423B80F4}.Debug|x64.Build.0 = Debug|Any CPU
		{E3433C5A-1AD6-4FA7-B2B1-C60D423B80F4}.Debug|x86.ActiveCfg = Debug|Any CPU
		{E3433C5A-1AD6-4FA7-B2B1-C60D423B80F4}.Debug|x86.Build.0 = Debug|Any CPU
		{E3433C5A-1AD6-4FA7-B2B1-C60D423B80F4}.Release|Any CPU.ActiveCfg = Release|Any CPU
		{E3433C5A-1AD6-4FA7-B2B1-C60D423B80F4}.Release|Any CPU.Build.0 = Release|Any CPU
		{E3433C5A-1AD6-4FA7-B2B1-C60D423B80F4}.Release|x64.ActiveCfg = Release|Any CPU
		{E3433C5A-1AD6-4FA7-B2B1-C60D423B80F4}.Release|x64.Build.0 = Release|Any CPU
		{E3433C5A-1AD6-4FA7-B2B1-C60D423B80F4}.Release|x86.ActiveCfg = Release|Any CPU
		{E3433C5A-1AD6-4FA7-B2B1-C60D423B80F4}.Release|x86.Build.0 = Release|Any CPU
		{68D749C6-16E4-4975-9758-F27331ADF013}.Debug|Any CPU.ActiveCfg = Debug|Any CPU
		{68D749C6-16E4-4975-9758-F27331ADF013}.Debug|Any CPU.Build.0 = Debug|Any CPU
		{68D749C6-16E4-4975-9758-F27331ADF013}.Debug|x64.ActiveCfg = Debug|Any CPU
		{68D749C6-16E4-4975-9758-F27331ADF013}.Debug|x64.Build.0 = Debug|Any CPU
		{68D749C6-16E4-4975-9758-F27331ADF013}.Debug|x86.ActiveCfg = Debug|Any CPU
		{68D749C6-16E4-4975-9758-F27331ADF013}.Debug|x86.Build.0 = Debug|Any CPU
		{68D749C6-16E4-4975-9758-F27331ADF013}.Release|Any CPU.ActiveCfg = Release|Any CPU
		{68D749C6-16E4-4975-9758-F27331ADF013}.Release|Any CPU.Build.0 = Release|Any CPU
		{68D749C6-16E4-4975-9758-F27331ADF013}.Release|x64.ActiveCfg = Release|Any CPU
		{68D749C6-16E4-4975-9758-F27331ADF013}.Release|x64.Build.0 = Release|Any CPU
		{68D749C6-16E4-4975-9758-F27331ADF013}.Release|x86.ActiveCfg = Release|Any CPU
		{68D749C6-16E4-4975-9758-F27331ADF013}.Release|x86.Build.0 = Release|Any CPU
		{3F8FD6B2-F070-44A8-A99F-B8A24B40C18C}.Debug|Any CPU.ActiveCfg = Debug|Any CPU
		{3F8FD6B2-F070-44A8-A99F-B8A24B40C18C}.Debug|Any CPU.Build.0 = Debug|Any CPU
		{3F8FD6B2-F070-44A8-A99F-B8A24B40C18C}.Debug|x64.ActiveCfg = Debug|Any CPU
		{3F8FD6B2-F070-44A8-A99F-B8A24B40C18C}.Debug|x64.Build.0 = Debug|Any CPU
		{3F8FD6B2-F070-44A8-A99F-B8A24B40C18C}.Debug|x86.ActiveCfg = Debug|Any CPU
		{3F8FD6B2-F070-44A8-A99F-B8A24B40C18C}.Debug|x86.Build.0 = Debug|Any CPU
		{3F8FD6B2-F070-44A8-A99F-B8A24B40C18C}.Release|Any CPU.ActiveCfg = Release|Any CPU
		{3F8FD6B2-F070-44A8-A99F-B8A24B40C18C}.Release|Any CPU.Build.0 = Release|Any CPU
		{3F8FD6B2-F070-44A8-A99F-B8A24B40C18C}.Release|x64.ActiveCfg = Release|Any CPU
		{3F8FD6B2-F070-44A8-A99F-B8A24B40C18C}.Release|x64.Build.0 = Release|Any CPU
		{3F8FD6B2-F070-44A8-A99F-B8A24B40C18C}.Release|x86.ActiveCfg = Release|Any CPU
		{3F8FD6B2-F070-44A8-A99F-B8A24B40C18C}.Release|x86.Build.0 = Release|Any CPU
		{69C57A4A-5FE3-4F79-85C8-DF95AEF6F7FE}.Debug|Any CPU.ActiveCfg = Debug|Any CPU
		{69C57A4A-5FE3-4F79-85C8-DF95AEF6F7FE}.Debug|Any CPU.Build.0 = Debug|Any CPU
		{69C57A4A-5FE3-4F79-85C8-DF95AEF6F7FE}.Debug|x64.ActiveCfg = Debug|Any CPU
		{69C57A4A-5FE3-4F79-85C8-DF95AEF6F7FE}.Debug|x64.Build.0 = Debug|Any CPU
		{69C57A4A-5FE3-4F79-85C8-DF95AEF6F7FE}.Debug|x86.ActiveCfg = Debug|Any CPU
		{69C57A4A-5FE3-4F79-85C8-DF95AEF6F7FE}.Debug|x86.Build.0 = Debug|Any CPU
		{69C57A4A-5FE3-4F79-85C8-DF95AEF6F7FE}.Release|Any CPU.ActiveCfg = Release|Any CPU
		{69C57A4A-5FE3-4F79-85C8-DF95AEF6F7FE}.Release|Any CPU.Build.0 = Release|Any CPU
		{69C57A4A-5FE3-4F79-85C8-DF95AEF6F7FE}.Release|x64.ActiveCfg = Release|Any CPU
		{69C57A4A-5FE3-4F79-85C8-DF95AEF6F7FE}.Release|x64.Build.0 = Release|Any CPU
		{69C57A4A-5FE3-4F79-85C8-DF95AEF6F7FE}.Release|x86.ActiveCfg = Release|Any CPU
		{69C57A4A-5FE3-4F79-85C8-DF95AEF6F7FE}.Release|x86.Build.0 = Release|Any CPU
		{BEB24C45-6348-4264-899B-943076E8769C}.Debug|Any CPU.ActiveCfg = Debug|Any CPU
		{BEB24C45-6348-4264-899B-943076E8769C}.Debug|Any CPU.Build.0 = Debug|Any CPU
		{BEB24C45-6348-4264-899B-943076E8769C}.Debug|x64.ActiveCfg = Debug|Any CPU
		{BEB24C45-6348-4264-899B-943076E8769C}.Debug|x64.Build.0 = Debug|Any CPU
		{BEB24C45-6348-4264-899B-943076E8769C}.Debug|x86.ActiveCfg = Debug|Any CPU
		{BEB24C45-6348-4264-899B-943076E8769C}.Debug|x86.Build.0 = Debug|Any CPU
		{BEB24C45-6348-4264-899B-943076E8769C}.Release|Any CPU.ActiveCfg = Release|Any CPU
		{BEB24C45-6348-4264-899B-943076E8769C}.Release|Any CPU.Build.0 = Release|Any CPU
		{BEB24C45-6348-4264-899B-943076E8769C}.Release|x64.ActiveCfg = Release|Any CPU
		{BEB24C45-6348-4264-899B-943076E8769C}.Release|x64.Build.0 = Release|Any CPU
		{BEB24C45-6348-4264-899B-943076E8769C}.Release|x86.ActiveCfg = Release|Any CPU
		{BEB24C45-6348-4264-899B-943076E8769C}.Release|x86.Build.0 = Release|Any CPU
		{D79C679E-BEDB-4788-BAAE-B8C79B567ADA}.Debug|Any CPU.ActiveCfg = Debug|Any CPU
		{D79C679E-BEDB-4788-BAAE-B8C79B567ADA}.Debug|Any CPU.Build.0 = Debug|Any CPU
		{D79C679E-BEDB-4788-BAAE-B8C79B567ADA}.Debug|x64.ActiveCfg = Debug|Any CPU
		{D79C679E-BEDB-4788-BAAE-B8C79B567ADA}.Debug|x64.Build.0 = Debug|Any CPU
		{D79C679E-BEDB-4788-BAAE-B8C79B567ADA}.Debug|x86.ActiveCfg = Debug|Any CPU
		{D79C679E-BEDB-4788-BAAE-B8C79B567ADA}.Debug|x86.Build.0 = Debug|Any CPU
		{D79C679E-BEDB-4788-BAAE-B8C79B567ADA}.Release|Any CPU.ActiveCfg = Release|Any CPU
		{D79C679E-BEDB-4788-BAAE-B8C79B567ADA}.Release|Any CPU.Build.0 = Release|Any CPU
		{D79C679E-BEDB-4788-BAAE-B8C79B567ADA}.Release|x64.ActiveCfg = Release|Any CPU
		{D79C679E-BEDB-4788-BAAE-B8C79B567ADA}.Release|x64.Build.0 = Release|Any CPU
		{D79C679E-BEDB-4788-BAAE-B8C79B567ADA}.Release|x86.ActiveCfg = Release|Any CPU
		{D79C679E-BEDB-4788-BAAE-B8C79B567ADA}.Release|x86.Build.0 = Release|Any CPU
		{B7F25EB8-702B-4212-B6C3-514B5149C09F}.Debug|Any CPU.ActiveCfg = Debug|Any CPU
		{B7F25EB8-702B-4212-B6C3-514B5149C09F}.Debug|Any CPU.Build.0 = Debug|Any CPU
		{B7F25EB8-702B-4212-B6C3-514B5149C09F}.Debug|x64.ActiveCfg = Debug|Any CPU
		{B7F25EB8-702B-4212-B6C3-514B5149C09F}.Debug|x64.Build.0 = Debug|Any CPU
		{B7F25EB8-702B-4212-B6C3-514B5149C09F}.Debug|x86.ActiveCfg = Debug|Any CPU
		{B7F25EB8-702B-4212-B6C3-514B5149C09F}.Debug|x86.Build.0 = Debug|Any CPU
		{B7F25EB8-702B-4212-B6C3-514B5149C09F}.Release|Any CPU.ActiveCfg = Release|Any CPU
		{B7F25EB8-702B-4212-B6C3-514B5149C09F}.Release|Any CPU.Build.0 = Release|Any CPU
		{B7F25EB8-702B-4212-B6C3-514B5149C09F}.Release|x64.ActiveCfg = Release|Any CPU
		{B7F25EB8-702B-4212-B6C3-514B5149C09F}.Release|x64.Build.0 = Release|Any CPU
		{B7F25EB8-702B-4212-B6C3-514B5149C09F}.Release|x86.ActiveCfg = Release|Any CPU
		{B7F25EB8-702B-4212-B6C3-514B5149C09F}.Release|x86.Build.0 = Release|Any CPU
		{F8DD3F62-D0A2-4A5B-8149-08D683EA50C8}.Debug|Any CPU.ActiveCfg = Debug|Any CPU
		{F8DD3F62-D0A2-4A5B-8149-08D683EA50C8}.Debug|Any CPU.Build.0 = Debug|Any CPU
		{F8DD3F62-D0A2-4A5B-8149-08D683EA50C8}.Debug|x64.ActiveCfg = Debug|Any CPU
		{F8DD3F62-D0A2-4A5B-8149-08D683EA50C8}.Debug|x64.Build.0 = Debug|Any CPU
		{F8DD3F62-D0A2-4A5B-8149-08D683EA50C8}.Debug|x86.ActiveCfg = Debug|Any CPU
		{F8DD3F62-D0A2-4A5B-8149-08D683EA50C8}.Debug|x86.Build.0 = Debug|Any CPU
		{F8DD3F62-D0A2-4A5B-8149-08D683EA50C8}.Release|Any CPU.ActiveCfg = Release|Any CPU
		{F8DD3F62-D0A2-4A5B-8149-08D683EA50C8}.Release|Any CPU.Build.0 = Release|Any CPU
		{F8DD3F62-D0A2-4A5B-8149-08D683EA50C8}.Release|x64.ActiveCfg = Release|Any CPU
		{F8DD3F62-D0A2-4A5B-8149-08D683EA50C8}.Release|x64.Build.0 = Release|Any CPU
		{F8DD3F62-D0A2-4A5B-8149-08D683EA50C8}.Release|x86.ActiveCfg = Release|Any CPU
		{F8DD3F62-D0A2-4A5B-8149-08D683EA50C8}.Release|x86.Build.0 = Release|Any CPU
	EndGlobalSection
	GlobalSection(SolutionProperties) = preSolution
		HideSolutionNode = FALSE
	EndGlobalSection
	GlobalSection(NestedProjects) = preSolution
		{262BBE43-4ABF-468B-BAF3-5CC9E72402CC} = {B036EAE1-3E29-4896-8710-9236469F9E03}
		{AA6CDEAB-818D-405C-BAD1-E830DA704100} = {B036EAE1-3E29-4896-8710-9236469F9E03}
		{E3433C5A-1AD6-4FA7-B2B1-C60D423B80F4} = {9B628BFB-1AB2-449E-8337-7D5FBFC5BE4B}
		{68D749C6-16E4-4975-9758-F27331ADF013} = {B036EAE1-3E29-4896-8710-9236469F9E03}
		{3F8FD6B2-F070-44A8-A99F-B8A24B40C18C} = {B036EAE1-3E29-4896-8710-9236469F9E03}
		{69C57A4A-5FE3-4F79-85C8-DF95AEF6F7FE} = {B036EAE1-3E29-4896-8710-9236469F9E03}
		{BEB24C45-6348-4264-899B-943076E8769C} = {B036EAE1-3E29-4896-8710-9236469F9E03}
		{D79C679E-BEDB-4788-BAAE-B8C79B567ADA} = {B036EAE1-3E29-4896-8710-9236469F9E03}
		{B7F25EB8-702B-4212-B6C3-514B5149C09F} = {B036EAE1-3E29-4896-8710-9236469F9E03}
		{F8DD3F62-D0A2-4A5B-8149-08D683EA50C8} = {B036EAE1-3E29-4896-8710-9236469F9E03}
	EndGlobalSection
EndGlobal
